// !$*UTF8*$!
{
	archiveVersion = 1;
	classes = {
	};
	objectVersion = 46;
	objects = {

/* Begin PBXBuildFile section */
		6B1511E01CAC2BE30030CD13 /* AppDelegate.swift in Sources */ = {isa = PBXBuildFile; fileRef = 6B1511DF1CAC2BE30030CD13 /* AppDelegate.swift */; };
		6B1511E21CAC2BE30030CD13 /* recordViewController.swift in Sources */ = {isa = PBXBuildFile; fileRef = 6B1511E11CAC2BE30030CD13 /* recordViewController.swift */; };
		6B1511E51CAC2BE30030CD13 /* Main.storyboard in Resources */ = {isa = PBXBuildFile; fileRef = 6B1511E31CAC2BE30030CD13 /* Main.storyboard */; };
		6B1511E71CAC2BE30030CD13 /* Assets.xcassets in Resources */ = {isa = PBXBuildFile; fileRef = 6B1511E61CAC2BE30030CD13 /* Assets.xcassets */; };
		6B1511EA1CAC2BE30030CD13 /* LaunchScreen.storyboard in Resources */ = {isa = PBXBuildFile; fileRef = 6B1511E81CAC2BE30030CD13 /* LaunchScreen.storyboard */; };
		6B1511F51CAC2BE30030CD13 /* pitchperfectTests.swift in Sources */ = {isa = PBXBuildFile; fileRef = 6B1511F41CAC2BE30030CD13 /* pitchperfectTests.swift */; };
		6B1512001CAC2BE30030CD13 /* pitchperfectUITests.swift in Sources */ = {isa = PBXBuildFile; fileRef = 6B1511FF1CAC2BE30030CD13 /* pitchperfectUITests.swift */; };
		6B15120E1CAC2CB60030CD13 /* buttonView.swift in Sources */ = {isa = PBXBuildFile; fileRef = 6B15120D1CAC2CB60030CD13 /* buttonView.swift */; };
		6B1512151CAC4E290030CD13 /* playViewController.swift in Sources */ = {isa = PBXBuildFile; fileRef = 6B1512141CAC4E290030CD13 /* playViewController.swift */; };
		6B1512171CADAD0C0030CD13 /* audioFile.swift in Sources */ = {isa = PBXBuildFile; fileRef = 6B1512161CADAD0C0030CD13 /* audioFile.swift */; };
/* End PBXBuildFile section */

/* Begin PBXContainerItemProxy section */
		6B1511F11CAC2BE30030CD13 /* PBXContainerItemProxy */ = {
			isa = PBXContainerItemProxy;
			containerPortal = 6B1511D41CAC2BE30030CD13 /* Project object */;
			proxyType = 1;
			remoteGlobalIDString = 6B1511DB1CAC2BE30030CD13;
			remoteInfo = pitchperfect;
		};
		6B1511FC1CAC2BE30030CD13 /* PBXContainerItemProxy */ = {
			isa = PBXContainerItemProxy;
			containerPortal = 6B1511D41CAC2BE30030CD13 /* Project object */;
			proxyType = 1;
			remoteGlobalIDString = 6B1511DB1CAC2BE30030CD13;
			remoteInfo = pitchperfect;
		};
/* End PBXContainerItemProxy section */

/* Begin PBXFileReference section */
		6B1511DC1CAC2BE30030CD13 /* pitchperfect.app */ = {isa = PBXFileReference; explicitFileType = wrapper.application; includeInIndex = 0; path = pitchperfect.app; sourceTree = BUILT_PRODUCTS_DIR; };
		6B1511DF1CAC2BE30030CD13 /* AppDelegate.swift */ = {isa = PBXFileReference; lastKnownFileType = sourcecode.swift; path = AppDelegate.swift; sourceTree = "<group>"; };
		6B1511E11CAC2BE30030CD13 /* recordViewController.swift */ = {isa = PBXFileReference; lastKnownFileType = sourcecode.swift; path = recordViewController.swift; sourceTree = "<group>"; };
		6B1511E41CAC2BE30030CD13 /* Base */ = {isa = PBXFileReference; lastKnownFileType = file.storyboard; name = Base; path = Base.lproj/Main.storyboard; sourceTree = "<group>"; };
		6B1511E61CAC2BE30030CD13 /* Assets.xcassets */ = {isa = PBXFileReference; lastKnownFileType = folder.assetcatalog; path = Assets.xcassets; sourceTree = "<group>"; };
		6B1511E91CAC2BE30030CD13 /* Base */ = {isa = PBXFileReference; lastKnownFileType = file.storyboard; name = Base; path = Base.lproj/LaunchScreen.storyboard; sourceTree = "<group>"; };
		6B1511EB1CAC2BE30030CD13 /* Info.plist */ = {isa = PBXFileReference; lastKnownFileType = text.plist.xml; path = Info.plist; sourceTree = "<group>"; };
		6B1511F01CAC2BE30030CD13 /* pitchperfectTests.xctest */ = {isa = PBXFileReference; explicitFileType = wrapper.cfbundle; includeInIndex = 0; path = pitchperfectTests.xctest; sourceTree = BUILT_PRODUCTS_DIR; };
		6B1511F41CAC2BE30030CD13 /* pitchperfectTests.swift */ = {isa = PBXFileReference; lastKnownFileType = sourcecode.swift; path = pitchperfectTests.swift; sourceTree = "<group>"; };
		6B1511F61CAC2BE30030CD13 /* Info.plist */ = {isa = PBXFileReference; lastKnownFileType = text.plist.xml; path = Info.plist; sourceTree = "<group>"; };
		6B1511FB1CAC2BE30030CD13 /* pitchperfectUITests.xctest */ = {isa = PBXFileReference; explicitFileType = wrapper.cfbundle; includeInIndex = 0; path = pitchperfectUITests.xctest; sourceTree = BUILT_PRODUCTS_DIR; };
		6B1511FF1CAC2BE30030CD13 /* pitchperfectUITests.swift */ = {isa = PBXFileReference; lastKnownFileType = sourcecode.swift; path = pitchperfectUITests.swift; sourceTree = "<group>"; };
		6B1512011CAC2BE30030CD13 /* Info.plist */ = {isa = PBXFileReference; lastKnownFileType = text.plist.xml; path = Info.plist; sourceTree = "<group>"; };
		6B15120D1CAC2CB60030CD13 /* buttonView.swift */ = {isa = PBXFileReference; fileEncoding = 4; lastKnownFileType = sourcecode.swift; path = buttonView.swift; sourceTree = "<group>"; };
		6B1512141CAC4E290030CD13 /* playViewController.swift */ = {isa = PBXFileReference; fileEncoding = 4; lastKnownFileType = sourcecode.swift; path = playViewController.swift; sourceTree = "<group>"; };
		6B1512161CADAD0C0030CD13 /* audioFile.swift */ = {isa = PBXFileReference; fileEncoding = 4; lastKnownFileType = sourcecode.swift; path = audioFile.swift; sourceTree = "<group>"; };
/* End PBXFileReference section */

/* Begin PBXFrameworksBuildPhase section */
		6B1511D91CAC2BE30030CD13 /* Frameworks */ = {
			isa = PBXFrameworksBuildPhase;
			buildActionMask = 2147483647;
			files = (
			);
			runOnlyForDeploymentPostprocessing = 0;
		};
		6B1511ED1CAC2BE30030CD13 /* Frameworks */ = {
			isa = PBXFrameworksBuildPhase;
			buildActionMask = 2147483647;
			files = (
			);
			runOnlyForDeploymentPostprocessing = 0;
		};
		6B1511F81CAC2BE30030CD13 /* Frameworks */ = {
			isa = PBXFrameworksBuildPhase;
			buildActionMask = 2147483647;
			files = (
			);
			runOnlyForDeploymentPostprocessing = 0;
		};
/* End PBXFrameworksBuildPhase section */

/* Begin PBXGroup section */
		6B1511D31CAC2BE30030CD13 = {
			isa = PBXGroup;
			children = (
				6B1511DE1CAC2BE30030CD13 /* pitchPerfect */,
				6B1511F31CAC2BE30030CD13 /* pitchperfectTests */,
				6B1511FE1CAC2BE30030CD13 /* pitchperfectUITests */,
				6B1511DD1CAC2BE30030CD13 /* Products */,
			);
			sourceTree = "<group>";
		};
		6B1511DD1CAC2BE30030CD13 /* Products */ = {
			isa = PBXGroup;
			children = (
				6B1511DC1CAC2BE30030CD13 /* pitchperfect.app */,
				6B1511F01CAC2BE30030CD13 /* pitchperfectTests.xctest */,
				6B1511FB1CAC2BE30030CD13 /* pitchperfectUITests.xctest */,
			);
			name = Products;
			sourceTree = "<group>";
		};
		6B1511DE1CAC2BE30030CD13 /* pitchPerfect */ = {
			isa = PBXGroup;
			children = (
				6B1512181CAEE8030030CD13 /* resources */,
				6B1512111CAC2CC80030CD13 /* controller */,
				6B1512101CAC2CC20030CD13 /* view */,
				6B15120F1CAC2CBC0030CD13 /* model */,
				6B1511DF1CAC2BE30030CD13 /* AppDelegate.swift */,
				6B1511E31CAC2BE30030CD13 /* Main.storyboard */,
				6B1511E61CAC2BE30030CD13 /* Assets.xcassets */,
				6B1511E81CAC2BE30030CD13 /* LaunchScreen.storyboard */,
				6B1511EB1CAC2BE30030CD13 /* Info.plist */,
			);
			name = pitchPerfect;
			path = pitchperfect;
			sourceTree = "<group>";
		};
		6B1511F31CAC2BE30030CD13 /* pitchperfectTests */ = {
			isa = PBXGroup;
			children = (
				6B1511F41CAC2BE30030CD13 /* pitchperfectTests.swift */,
				6B1511F61CAC2BE30030CD13 /* Info.plist */,
			);
			path = pitchperfectTests;
			sourceTree = "<group>";
		};
		6B1511FE1CAC2BE30030CD13 /* pitchperfectUITests */ = {
			isa = PBXGroup;
			children = (
				6B1511FF1CAC2BE30030CD13 /* pitchperfectUITests.swift */,
				6B1512011CAC2BE30030CD13 /* Info.plist */,
			);
			path = pitchperfectUITests;
			sourceTree = "<group>";
		};
		6B15120F1CAC2CBC0030CD13 /* model */ = {
			isa = PBXGroup;
			children = (
				6B1512161CADAD0C0030CD13 /* audioFile.swift */,
			);
			name = model;
			sourceTree = "<group>";
		};
		6B1512101CAC2CC20030CD13 /* view */ = {
			isa = PBXGroup;
			children = (
				6B15120D1CAC2CB60030CD13 /* buttonView.swift */,
			);
			name = view;
			sourceTree = "<group>";
		};
		6B1512111CAC2CC80030CD13 /* controller */ = {
			isa = PBXGroup;
			children = (
				6B1511E11CAC2BE30030CD13 /* recordViewController.swift */,
				6B1512141CAC4E290030CD13 /* playViewController.swift */,
			);
			name = controller;
			sourceTree = "<group>";
		};
		6B1512181CAEE8030030CD13 /* resources */ = {
			isa = PBXGroup;
			children = (
			);
			name = resources;
			sourceTree = "<group>";
		};
/* End PBXGroup section */

/* Begin PBXNativeTarget section */
		6B1511DB1CAC2BE30030CD13 /* pitchperfect */ = {
			isa = PBXNativeTarget;
			buildConfigurationList = 6B1512041CAC2BE30030CD13 /* Build configuration list for PBXNativeTarget "pitchperfect" */;
			buildPhases = (
				6B1511D81CAC2BE30030CD13 /* Sources */,
				6B1511D91CAC2BE30030CD13 /* Frameworks */,
				6B1511DA1CAC2BE30030CD13 /* Resources */,
			);
			buildRules = (
			);
			dependencies = (
			);
			name = pitchperfect;
			productName = pitchperfect;
			productReference = 6B1511DC1CAC2BE30030CD13 /* pitchperfect.app */;
			productType = "com.apple.product-type.application";
		};
		6B1511EF1CAC2BE30030CD13 /* pitchperfectTests */ = {
			isa = PBXNativeTarget;
			buildConfigurationList = 6B1512071CAC2BE30030CD13 /* Build configuration list for PBXNativeTarget "pitchperfectTests" */;
			buildPhases = (
				6B1511EC1CAC2BE30030CD13 /* Sources */,
				6B1511ED1CAC2BE30030CD13 /* Frameworks */,
				6B1511EE1CAC2BE30030CD13 /* Resources */,
			);
			buildRules = (
			);
			dependencies = (
				6B1511F21CAC2BE30030CD13 /* PBXTargetDependency */,
			);
			name = pitchperfectTests;
			productName = pitchperfectTests;
			productReference = 6B1511F01CAC2BE30030CD13 /* pitchperfectTests.xctest */;
			productType = "com.apple.product-type.bundle.unit-test";
		};
		6B1511FA1CAC2BE30030CD13 /* pitchperfectUITests */ = {
			isa = PBXNativeTarget;
			buildConfigurationList = 6B15120A1CAC2BE30030CD13 /* Build configuration list for PBXNativeTarget "pitchperfectUITests" */;
			buildPhases = (
				6B1511F71CAC2BE30030CD13 /* Sources */,
				6B1511F81CAC2BE30030CD13 /* Frameworks */,
				6B1511F91CAC2BE30030CD13 /* Resources */,
			);
			buildRules = (
			);
			dependencies = (
				6B1511FD1CAC2BE30030CD13 /* PBXTargetDependency */,
			);
			name = pitchperfectUITests;
			productName = pitchperfectUITests;
			productReference = 6B1511FB1CAC2BE30030CD13 /* pitchperfectUITests.xctest */;
			productType = "com.apple.product-type.bundle.ui-testing";
		};
/* End PBXNativeTarget section */

/* Begin PBXProject section */
		6B1511D41CAC2BE30030CD13 /* Project object */ = {
			isa = PBXProject;
			attributes = {
				LastSwiftUpdateCheck = 0730;
				LastUpgradeCheck = 0730;
				ORGANIZATIONNAME = "kavita patel";
				TargetAttributes = {
					6B1511DB1CAC2BE30030CD13 = {
						CreatedOnToolsVersion = 7.3;
						DevelopmentTeam = R2U6P9ZT8A;
					};
					6B1511EF1CAC2BE30030CD13 = {
						CreatedOnToolsVersion = 7.3;
						DevelopmentTeam = R2U6P9ZT8A;
						TestTargetID = 6B1511DB1CAC2BE30030CD13;
					};
					6B1511FA1CAC2BE30030CD13 = {
						CreatedOnToolsVersion = 7.3;
						DevelopmentTeam = R2U6P9ZT8A;
						TestTargetID = 6B1511DB1CAC2BE30030CD13;
					};
				};
			};
			buildConfigurationList = 6B1511D71CAC2BE30030CD13 /* Build configuration list for PBXProject "pitchperfect" */;
			compatibilityVersion = "Xcode 3.2";
			developmentRegion = English;
			hasScannedForEncodings = 0;
			knownRegions = (
				en,
				Base,
			);
			mainGroup = 6B1511D31CAC2BE30030CD13;
			productRefGroup = 6B1511DD1CAC2BE30030CD13 /* Products */;
			projectDirPath = "";
			projectRoot = "";
			targets = (
				6B1511DB1CAC2BE30030CD13 /* pitchperfect */,
				6B1511EF1CAC2BE30030CD13 /* pitchperfectTests */,
				6B1511FA1CAC2BE30030CD13 /* pitchperfectUITests */,
			);
		};
/* End PBXProject section */

/* Begin PBXResourcesBuildPhase section */
		6B1511DA1CAC2BE30030CD13 /* Resources */ = {
			isa = PBXResourcesBuildPhase;
			buildActionMask = 2147483647;
			files = (
				6B1511EA1CAC2BE30030CD13 /* LaunchScreen.storyboard in Resources */,
				6B1511E71CAC2BE30030CD13 /* Assets.xcassets in Resources */,
				6B1511E51CAC2BE30030CD13 /* Main.storyboard in Resources */,
			);
			runOnlyForDeploymentPostprocessing = 0;
		};
		6B1511EE1CAC2BE30030CD13 /* Resources */ = {
			isa = PBXResourcesBuildPhase;
			buildActionMask = 2147483647;
			files = (
			);
			runOnlyForDeploymentPostprocessing = 0;
		};
		6B1511F91CAC2BE30030CD13 /* Resources */ = {
			isa = PBXResourcesBuildPhase;
			buildActionMask = 2147483647;
			files = (
			);
			runOnlyForDeploymentPostprocessing = 0;
		};
/* End PBXResourcesBuildPhase section */

/* Begin PBXSourcesBuildPhase section */
		6B1511D81CAC2BE30030CD13 /* Sources */ = {
			isa = PBXSourcesBuildPhase;
			buildActionMask = 2147483647;
			files = (
				6B1512151CAC4E290030CD13 /* playViewController.swift in Sources */,
				6B1512171CADAD0C0030CD13 /* audioFile.swift in Sources */,
				6B1511E21CAC2BE30030CD13 /* recordViewController.swift in Sources */,
				6B15120E1CAC2CB60030CD13 /* buttonView.swift in Sources */,
				6B1511E01CAC2BE30030CD13 /* AppDelegate.swift in Sources */,
			);
			runOnlyForDeploymentPostprocessing = 0;
		};
		6B1511EC1CAC2BE30030CD13 /* Sources */ = {
			isa = PBXSourcesBuildPhase;
			buildActionMask = 2147483647;
			files = (
				6B1511F51CAC2BE30030CD13 /* pitchperfectTests.swift in Sources */,
			);
			runOnlyForDeploymentPostprocessing = 0;
		};
		6B1511F71CAC2BE30030CD13 /* Sources */ = {
			isa = PBXSourcesBuildPhase;
			buildActionMask = 2147483647;
			files = (
				6B1512001CAC2BE30030CD13 /* pitchperfectUITests.swift in Sources */,
			);
			runOnlyForDeploymentPostprocessing = 0;
		};
/* End PBXSourcesBuildPhase section */

/* Begin PBXTargetDependency section */
		6B1511F21CAC2BE30030CD13 /* PBXTargetDependency */ = {
			isa = PBXTargetDependency;
			target = 6B1511DB1CAC2BE30030CD13 /* pitchperfect */;
			targetProxy = 6B1511F11CAC2BE30030CD13 /* PBXContainerItemProxy */;
		};
		6B1511FD1CAC2BE30030CD13 /* PBXTargetDependency */ = {
			isa = PBXTargetDependency;
			target = 6B1511DB1CAC2BE30030CD13 /* pitchperfect */;
			targetProxy = 6B1511FC1CAC2BE30030CD13 /* PBXContainerItemProxy */;
		};
/* End PBXTargetDependency section */

/* Begin PBXVariantGroup section */
		6B1511E31CAC2BE30030CD13 /* Main.storyboard */ = {
			isa = PBXVariantGroup;
			children = (
				6B1511E41CAC2BE30030CD13 /* Base */,
			);
			name = Main.storyboard;
			sourceTree = "<group>";
		};
		6B1511E81CAC2BE30030CD13 /* LaunchScreen.storyboard */ = {
			isa = PBXVariantGroup;
			children = (
				6B1511E91CAC2BE30030CD13 /* Base */,
			);
			name = LaunchScreen.storyboard;
			sourceTree = "<group>";
		};
/* End PBXVariantGroup section */

/* Begin XCBuildConfiguration section */
		6B1512021CAC2BE30030CD13 /* Debug */ = {
			isa = XCBuildConfiguration;
			buildSettings = {
				ALWAYS_SEARCH_USER_PATHS = NO;
				CLANG_ANALYZER_NONNULL = YES;
				CLANG_CXX_LANGUAGE_STANDARD = "gnu++0x";
				CLANG_CXX_LIBRARY = "libc++";
				CLANG_ENABLE_MODULES = YES;
				CLANG_ENABLE_OBJC_ARC = YES;
				CLANG_WARN_BOOL_CONVERSION = YES;
				CLANG_WARN_CONSTANT_CONVERSION = YES;
				CLANG_WARN_DIRECT_OBJC_ISA_USAGE = YES_ERROR;
				CLANG_WARN_EMPTY_BODY = YES;
				CLANG_WARN_ENUM_CONVERSION = YES;
				CLANG_WARN_INT_CONVERSION = YES;
				CLANG_WARN_OBJC_ROOT_CLASS = YES_ERROR;
				CLANG_WARN_UNREACHABLE_CODE = YES;
				CLANG_WARN__DUPLICATE_METHOD_MATCH = YES;
				"CODE_SIGN_IDENTITY[sdk=iphoneos*]" = "iPhone Developer";
				COPY_PHASE_STRIP = NO;
				DEBUG_INFORMATION_FORMAT = dwarf;
				ENABLE_STRICT_OBJC_MSGSEND = YES;
				ENABLE_TESTABILITY = YES;
				GCC_C_LANGUAGE_STANDARD = gnu99;
				GCC_DYNAMIC_NO_PIC = NO;
				GCC_NO_COMMON_BLOCKS = YES;
				GCC_OPTIMIZATION_LEVEL = 0;
				GCC_PREPROCESSOR_DEFINITIONS = (
					"DEBUG=1",
					"$(inherited)",
				);
				GCC_WARN_64_TO_32_BIT_CONVERSION = YES;
				GCC_WARN_ABOUT_RETURN_TYPE = YES_ERROR;
				GCC_WARN_UNDECLARED_SELECTOR = YES;
				GCC_WARN_UNINITIALIZED_AUTOS = YES_AGGRESSIVE;
				GCC_WARN_UNUSED_FUNCTION = YES;
				GCC_WARN_UNUSED_VARIABLE = YES;
				IPHONEOS_DEPLOYMENT_TARGET = 9.3;
				MTL_ENABLE_DEBUG_INFO = YES;
				ONLY_ACTIVE_ARCH = YES;
				SDKROOT = iphoneos;
				SWIFT_OPTIMIZATION_LEVEL = "-Onone";
			};
			name = Debug;
		};
		6B1512031CAC2BE30030CD13 /* Release */ = {
			isa = XCBuildConfiguration;
			buildSettings = {
				ALWAYS_SEARCH_USER_PATHS = NO;
				CLANG_ANALYZER_NONNULL = YES;
				CLANG_CXX_LANGUAGE_STANDARD = "gnu++0x";
				CLANG_CXX_LIBRARY = "libc++";
				CLANG_ENABLE_MODULES = YES;
				CLANG_ENABLE_OBJC_ARC = YES;
				CLANG_WARN_BOOL_CONVERSION = YES;
				CLANG_WARN_CONSTANT_CONVERSION = YES;
				CLANG_WARN_DIRECT_OBJC_ISA_USAGE = YES_ERROR;
				CLANG_WARN_EMPTY_BODY = YES;
				CLANG_WARN_ENUM_CONVERSION = YES;
				CLANG_WARN_INT_CONVERSION = YES;
				CLANG_WARN_OBJC_ROOT_CLASS = YES_ERROR;
				CLANG_WARN_UNREACHABLE_CODE = YES;
				CLANG_WARN__DUPLICATE_METHOD_MATCH = YES;
				"CODE_SIGN_IDENTITY[sdk=iphoneos*]" = "iPhone Developer";
				COPY_PHASE_STRIP = NO;
				DEBUG_INFORMATION_FORMAT = "dwarf-with-dsym";
				ENABLE_NS_ASSERTIONS = NO;
				ENABLE_STRICT_OBJC_MSGSEND = YES;
				GCC_C_LANGUAGE_STANDARD = gnu99;
				GCC_NO_COMMON_BLOCKS = YES;
				GCC_WARN_64_TO_32_BIT_CONVERSION = YES;
				GCC_WARN_ABOUT_RETURN_TYPE = YES_ERROR;
				GCC_WARN_UNDECLARED_SELECTOR = YES;
				GCC_WARN_UNINITIALIZED_AUTOS = YES_AGGRESSIVE;
				GCC_WARN_UNUSED_FUNCTION = YES;
				GCC_WARN_UNUSED_VARIABLE = YES;
				IPHONEOS_DEPLOYMENT_TARGET = 9.3;
				MTL_ENABLE_DEBUG_INFO = NO;
				SDKROOT = iphoneos;
				VALIDATE_PRODUCT = YES;
			};
			name = Release;
		};
		6B1512051CAC2BE30030CD13 /* Debug */ = {
			isa = XCBuildConfiguration;
			buildSettings = {
				ASSETCATALOG_COMPILER_APPICON_NAME = AppIcon;
				INFOPLIST_FILE = pitchperfect/Info.plist;
				LD_RUNPATH_SEARCH_PATHS = "$(inherited) @executable_path/Frameworks";
				PRODUCT_BUNDLE_IDENTIFIER = Darsh.pitchperfect;
				PRODUCT_NAME = "$(TARGET_NAME)";
			};
			name = Debug;
		};
		6B1512061CAC2BE30030CD13 /* Release */ = {
			isa = XCBuildConfiguration;
			buildSettings = {
				ASSETCATALOG_COMPILER_APPICON_NAME = AppIcon;
				INFOPLIST_FILE = pitchperfect/Info.plist;
				LD_RUNPATH_SEARCH_PATHS = "$(inherited) @executable_path/Frameworks";
				PRODUCT_BUNDLE_IDENTIFIER = Darsh.pitchperfect;
				PRODUCT_NAME = "$(TARGET_NAME)";
			};
			name = Release;
		};
		6B1512081CAC2BE30030CD13 /* Debug */ = {
			isa = XCBuildConfiguration;
			buildSettings = {
				BUNDLE_LOADER = "$(TEST_HOST)";
				INFOPLIST_FILE = pitchperfectTests/Info.plist;
				LD_RUNPATH_SEARCH_PATHS = "$(inherited) @executable_path/Frameworks @loader_path/Frameworks";
				PRODUCT_BUNDLE_IDENTIFIER = Darsh.pitchperfectTests;
				PRODUCT_NAME = "$(TARGET_NAME)";
				TEST_HOST = "$(BUILT_PRODUCTS_DIR)/pitchperfect.app/pitchperfect";
			};
			name = Debug;
		};
		6B1512091CAC2BE30030CD13 /* Release */ = {
			isa = XCBuildConfiguration;
			buildSettings = {
				BUNDLE_LOADER = "$(TEST_HOST)";
				INFOPLIST_FILE = pitchperfectTests/Info.plist;
				LD_RUNPATH_SEARCH_PATHS = "$(inherited) @executable_path/Frameworks @loader_path/Frameworks";
				PRODUCT_BUNDLE_IDENTIFIER = Darsh.pitchperfectTests;
				PRODUCT_NAME = "$(TARGET_NAME)";
				TEST_HOST = "$(BUILT_PRODUCTS_DIR)/pitchperfect.app/pitchperfect";
			};
			name = Release;
		};
		6B15120B1CAC2BE30030CD13 /* Debug */ = {
			isa = XCBuildConfiguration;
			buildSettings = {
				INFOPLIST_FILE = pitchperfectUITests/Info.plist;
				LD_RUNPATH_SEARCH_PATHS = "$(inherited) @executable_path/Frameworks @loader_path/Frameworks";
				PRODUCT_BUNDLE_IDENTIFIER = Darsh.pitchperfectUITests;
				PRODUCT_NAME = "$(TARGET_NAME)";
				TEST_TARGET_NAME = pitchperfect;
			};
			name = Debug;
		};
		6B15120C1CAC2BE30030CD13 /* Release */ = {
			isa = XCBuildConfiguration;
			buildSettings = {
				INFOPLIST_FILE = pitchperfectUITests/Info.plist;
				LD_RUNPATH_SEARCH_PATHS = "$(inherited) @executable_path/Frameworks @loader_path/Frameworks";
				PRODUCT_BUNDLE_IDENTIFIER = Darsh.pitchperfectUITests;
				PRODUCT_NAME = "$(TARGET_NAME)";
				TEST_TARGET_NAME = pitchperfect;
			};
			name = Release;
		};
/* End XCBuildConfiguration section */

/* Begin XCConfigurationList section */
		6B1511D71CAC2BE30030CD13 /* Build configuration list for PBXProject "pitchperfect" */ = {
			isa = XCConfigurationList;
			buildConfigurations = (
				6B1512021CAC2BE30030CD13 /* Debug */,
				6B1512031CAC2BE30030CD13 /* Release */,
			);
			defaultConfigurationIsVisible = 0;
			defaultConfigurationName = Release;
		};
		6B1512041CAC2BE30030CD13 /* Build configuration list for PBXNativeTarget "pitchperfect" */ = {
			isa = XCConfigurationList;
			buildConfigurations = (
				6B1512051CAC2BE30030CD13 /* Debug */,
				6B1512061CAC2BE30030CD13 /* Release */,
			);
			defaultConfigurationIsVisible = 0;
			defaultConfigurationName = Release;
		};
		6B1512071CAC2BE30030CD13 /* Build configuration list for PBXNativeTarget "pitchperfectTests" */ = {
			isa = XCConfigurationList;
			buildConfigurations = (
				6B1512081CAC2BE30030CD13 /* Debug */,
				6B1512091CAC2BE30030CD13 /* Release */,
			);
			defaultConfigurationIsVisible = 0;
			defaultConfigurationName = Release;
		};
		6B15120A1CAC2BE30030CD13 /* Build configuration list for PBXNativeTarget "pitchperfectUITests" */ = {
			isa = XCConfigurationList;
			buildConfigurations = (
				6B15120B1CAC2BE30030CD13 /* Debug */,
				6B15120C1CAC2BE30030CD13 /* Release */,
			);
			defaultConfigurationIsVisible = 0;
			defaultConfigurationName = Release;
		};
/* End XCConfigurationList section */
	};
	rootObject = 6B1511D41CAC2BE30030CD13 /* Project object */;
}
